
Microsoft Visual Studio Solution File, Format Version 12.00
# Visual Studio Version 17
VisualStudioVersion = 17.0.31903.59
MinimumVisualStudioVersion = 10.0.40219.1
Project("{FAE04EC0-301F-11D3-BF4B-00C04F79EFBC}") = "Lista_00", "Lista_00\Lista_00.csproj", "{CFB8F99A-DB38-4976-B6DB-67570C5BDEEF}"
EndProject
Global
	GlobalSection(SolutionConfigurationPlatforms) = preSolution
		Debug|Any CPU = Debug|Any CPU
		Release|Any CPU = Release|Any CPU
	EndGlobalSection
	GlobalSection(SolutionProperties) = preSolution
		HideSolutionNode = FALSE
	EndGlobalSection
	GlobalSection(ProjectConfigurationPlatforms) = postSolution
		{CFB8F99A-DB38-4976-B6DB-67570C5BDEEF}.Debug|Any CPU.ActiveCfg = Debug|Any CPU
		{CFB8F99A-DB38-4976-B6DB-67570C5BDEEF}.Debug|Any CPU.Build.0 = Debug|Any CPU
		{CFB8F99A-DB38-4976-B6DB-67570C5BDEEF}.Release|Any CPU.ActiveCfg = Release|Any CPU
		{CFB8F99A-DB38-4976-B6DB-67570C5BDEEF}.Release|Any CPU.Build.0 = Release|Any CPU
	EndGlobalSection
EndGlobal
